
Microsoft Visual Studio Solution File, Format Version 12.00
# Visual Studio Version 17
VisualStudioVersion = 17.0.31903.59
MinimumVisualStudioVersion = 10.0.40219.1
Project("{FAE04EC0-301F-11D3-BF4B-00C04F79EFBC}") = "misc", "misc\misc.csproj", "{A8793851-6404-4649-806A-BCA3536FCA0B}"
EndProject
Project("{2150E333-8FDC-42A3-9474-1A3956D46DE8}") = "src", "src", "{9D1B67B5-2297-4362-992F-E632EFDE6160}"
EndProject
Project("{2150E333-8FDC-42A3-9474-1A3956D46DE8}") = "Extensions", "Extensions", "{907464A2-4134-4FEE-8209-913446BD2CE5}"
EndProject
Project("{2150E333-8FDC-42A3-9474-1A3956D46DE8}") = "Abstractions", "Abstractions", "{2191CC97-8A7C-4BE7-A5EC-437AC0C944C5}"
EndProject
Project("{FAE04EC0-301F-11D3-BF4B-00C04F79EFBC}") = "Worker.Extensions.Abstractions", "src\Extensions\Abstractions\src\Worker.Extensions.Abstractions.csproj", "{EB12D069-12C8-42ED-8469-A61C37798660}"
EndProject
Project("{2150E333-8FDC-42A3-9474-1A3956D46DE8}") = "CosmosDB", "CosmosDB", "{31D43396-9D60-4961-9EC4-E08F0AD8AD74}"
EndProject
Project("{FAE04EC0-301F-11D3-BF4B-00C04F79EFBC}") = "Worker.Extensions.CosmosDB", "src\Extensions\CosmosDB\src\Worker.Extensions.CosmosDB.csproj", "{C3172C4B-105D-4539-BEC8-47681B327A2D}"
EndProject
Project("{2150E333-8FDC-42A3-9474-1A3956D46DE8}") = "EventGrid", "EventGrid", "{C6270583-3F7B-479A-A77B-A145C36E8A04}"
EndProject
Project("{FAE04EC0-301F-11D3-BF4B-00C04F79EFBC}") = "Worker.Extensions.EventGrid", "src\Extensions\EventGrid\src\Worker.Extensions.EventGrid.csproj", "{AB935EAB-FEDA-4B39-986E-5A5C90EDF403}"
EndProject
Project("{2150E333-8FDC-42A3-9474-1A3956D46DE8}") = "EventHubs", "EventHubs", "{DB7D9FB9-40CB-4304-B2C4-885D89DD1AFC}"
EndProject
Project("{FAE04EC0-301F-11D3-BF4B-00C04F79EFBC}") = "Worker.Extensions.EventHubs", "src\Extensions\EventHubs\src\Worker.Extensions.EventHubs.csproj", "{79950839-CEA7-43B9-BE0E-56FC695364E3}"
EndProject
Project("{2150E333-8FDC-42A3-9474-1A3956D46DE8}") = "Http", "Http", "{5BEF6630-93DE-4DF8-83D1-52A095331DCE}"
EndProject
Project("{FAE04EC0-301F-11D3-BF4B-00C04F79EFBC}") = "Worker.Extensions.Http", "src\Extensions\Http\src\Worker.Extensions.Http.csproj", "{93C5871C-6D7A-4AC0-988D-222BABC07CC4}"
EndProject
Project("{2150E333-8FDC-42A3-9474-1A3956D46DE8}") = "Kafka", "Kafka", "{224BAA0F-5F52-4AFA-94B1-B9E2C0B5D301}"
EndProject
Project("{FAE04EC0-301F-11D3-BF4B-00C04F79EFBC}") = "Worker.Extensions.Kafka", "src\Extensions\Kafka\src\Worker.Extensions.Kafka.csproj", "{488BC73A-9B3A-4B25-9810-9FA2AC0B4E87}"
EndProject
Project("{2150E333-8FDC-42A3-9474-1A3956D46DE8}") = "RabbitMQ", "RabbitMQ", "{212B7E66-2682-40D6-A1D0-EFC3C30C880C}"
EndProject
Project("{FAE04EC0-301F-11D3-BF4B-00C04F79EFBC}") = "Worker.Extensions.RabbitMQ", "src\Extensions\RabbitMQ\src\Worker.Extensions.RabbitMQ.csproj", "{2D87B15B-DDC4-4CB8-8340-BB4D925ED153}"
EndProject
Project("{2150E333-8FDC-42A3-9474-1A3956D46DE8}") = "Rpc", "Rpc", "{3A9087DC-70C3-428F-8A00-6599963840B1}"
EndProject
Project("{FAE04EC0-301F-11D3-BF4B-00C04F79EFBC}") = "Worker.Extensions.Rpc", "src\Extensions\Rpc\src\Worker.Extensions.Rpc.csproj", "{BD2C6565-81F8-4AC8-A94F-20A1510FEF44}"
EndProject
Project("{2150E333-8FDC-42A3-9474-1A3956D46DE8}") = "SendGrid", "SendGrid", "{5F6BD593-DEB6-48BE-B95E-6EDAA512EB44}"
EndProject
Project("{FAE04EC0-301F-11D3-BF4B-00C04F79EFBC}") = "Worker.Extensions.SendGrid", "src\Extensions\SendGrid\src\Worker.Extensions.SendGrid.csproj", "{CE965395-C19C-428D-AB42-5CBE3F3C6D35}"
EndProject
Project("{2150E333-8FDC-42A3-9474-1A3956D46DE8}") = "ServiceBus", "ServiceBus", "{E0A8FBB5-972B-4BF9-9F22-034388765514}"
EndProject
Project("{FAE04EC0-301F-11D3-BF4B-00C04F79EFBC}") = "Worker.Extensions.ServiceBus", "src\Extensions\ServiceBus\src\Worker.Extensions.ServiceBus.csproj", "{A09923CC-6CC5-46C7-B963-9F68DBBA2CB8}"
EndProject
Project("{2150E333-8FDC-42A3-9474-1A3956D46DE8}") = "Shared", "Shared", "{C1ADFA9F-CCC0-4707-9225-3C3430388B82}"
EndProject
Project("{FAE04EC0-301F-11D3-BF4B-00C04F79EFBC}") = "Worker.Extensions.Shared", "src\Extensions\Shared\src\Worker.Extensions.Shared.csproj", "{A74773B7-628F-453A-B132-DB275FCF66EF}"
EndProject
Project("{2150E333-8FDC-42A3-9474-1A3956D46DE8}") = "SignalRService", "SignalRService", "{F91F245F-992E-40DA-9219-BFCD5604A80E}"
EndProject
Project("{FAE04EC0-301F-11D3-BF4B-00C04F79EFBC}") = "Worker.Extensions.SignalRService", "src\Extensions\SignalRService\src\Worker.Extensions.SignalRService.csproj", "{00E54585-DB26-4EB9-BCAC-1CE11E45B908}"
EndProject
Project("{2150E333-8FDC-42A3-9474-1A3956D46DE8}") = "Storage", "Storage", "{7EA40C2B-972E-467B-8592-B9379E696882}"
EndProject
Project("{FAE04EC0-301F-11D3-BF4B-00C04F79EFBC}") = "Worker.Extensions.Storage", "src\Extensions\Storage\src\Worker.Extensions.Storage.csproj", "{17418A25-9A76-4556-82F7-217F7F738E30}"
EndProject
Project("{2150E333-8FDC-42A3-9474-1A3956D46DE8}") = "Storage.Blobs", "Storage.Blobs", "{4C2ECE89-2E30-4256-8080-A20C00A879F5}"
EndProject
Project("{FAE04EC0-301F-11D3-BF4B-00C04F79EFBC}") = "Worker.Extensions.Storage.Blobs", "src\Extensions\Storage.Blobs\src\Worker.Extensions.Storage.Blobs.csproj", "{C7BB54A7-C32E-4896-8679-3C90CDE1BA87}"
EndProject
Project("{2150E333-8FDC-42A3-9474-1A3956D46DE8}") = "Storage.Queues", "Storage.Queues", "{3DBEC20A-2BD3-4BA6-90EB-C89781A68E35}"
EndProject
Project("{FAE04EC0-301F-11D3-BF4B-00C04F79EFBC}") = "Worker.Extensions.Storage.Queues", "src\Extensions\Storage.Queues\src\Worker.Extensions.Storage.Queues.csproj", "{9506C0DE-C35A-44E7-A269-8589E63488E2}"
EndProject
Project("{2150E333-8FDC-42A3-9474-1A3956D46DE8}") = "Tables", "Tables", "{2710C805-B510-4F8C-8136-E529854E1B2E}"
EndProject
Project("{FAE04EC0-301F-11D3-BF4B-00C04F79EFBC}") = "Worker.Extensions.Tables", "src\Extensions\Tables\src\Worker.Extensions.Tables.csproj", "{6C48DA05-4857-4D30-825F-10BF753F7C8F}"
EndProject
Project("{2150E333-8FDC-42A3-9474-1A3956D46DE8}") = "Timer", "Timer", "{EB3260C8-B24F-404D-87A1-7831166C6C02}"
EndProject
Project("{FAE04EC0-301F-11D3-BF4B-00C04F79EFBC}") = "Worker.Extensions.Timer", "src\Extensions\Timer\src\Worker.Extensions.Timer.csproj", "{DC3B9CE6-7223-49A7-8849-A1C047896D14}"
EndProject
Project("{2150E333-8FDC-42A3-9474-1A3956D46DE8}") = "Warmup", "Warmup", "{B7041024-E70D-4BBC-ACF4-98660A96BDB8}"
EndProject
Project("{FAE04EC0-301F-11D3-BF4B-00C04F79EFBC}") = "Worker.Extensions.Warmup", "src\Extensions\Warmup\src\Worker.Extensions.Warmup.csproj", "{EA96C5E9-F6A5-42F6-A4A0-92EBB440E0C2}"
EndProject
Project("{2150E333-8FDC-42A3-9474-1A3956D46DE8}") = "Shared", "Shared", "{BA0E69AD-CBDB-46A0-9B68-BBEA679EB27B}"
EndProject
Project("{FAE04EC0-301F-11D3-BF4B-00C04F79EFBC}") = "Shared.Core", "src\Shared\Core\Shared.Core.csproj", "{C25CFA1E-E949-4FAF-8E20-424232543EF9}"
EndProject
Project("{2150E333-8FDC-42A3-9474-1A3956D46DE8}") = "Worker", "Worker", "{E3086E17-D461-42B1-89F3-A08054B72DB5}"
EndProject
Project("{FAE04EC0-301F-11D3-BF4B-00C04F79EFBC}") = "Worker.Core", "src\Worker\Core\Worker.Core.csproj", "{02266DF9-F92B-48C0-95A7-0FB31A704D07}"
EndProject
Project("{FAE04EC0-301F-11D3-BF4B-00C04F79EFBC}") = "Worker.Grpc", "src\Worker\Grpc\Worker.Grpc.csproj", "{C56C564A-F1CF-4904-AB53-FF3423030DF4}"
EndProject
Project("{FAE04EC0-301F-11D3-BF4B-00C04F79EFBC}") = "Worker", "src\Worker\Worker\Worker.csproj", "{DE945F21-F7F2-4DC7-943F-0FA3564087B9}"
EndProject
Project("{2150E333-8FDC-42A3-9474-1A3956D46DE8}") = "test", "test", "{DB28BC11-CE07-4070-906F-3F84C9618091}"
EndProject
Project("{2150E333-8FDC-42A3-9474-1A3956D46DE8}") = "Extensions", "Extensions", "{38556F4A-9250-439D-AE03-ADC2978A51E6}"
EndProject
Project("{FAE04EC0-301F-11D3-BF4B-00C04F79EFBC}") = "Worker.Extensions.Abstractions.Tests", "test\Extensions\Abstractions.Tests\Worker.Extensions.Abstractions.Tests.csproj", "{F50DCCEE-91C9-46C3-B80B-47CF739B8D8D}"
EndProject
Project("{FAE04EC0-301F-11D3-BF4B-00C04F79EFBC}") = "Worker.Extensions.CosmosDB.Tests", "test\Extensions\CosmosDB.Tests\Worker.Extensions.CosmosDB.Tests.csproj", "{58788F1F-EE7A-49CC-9BFC-BEB4F6048673}"
EndProject
Project("{FAE04EC0-301F-11D3-BF4B-00C04F79EFBC}") = "Worker.Extensions.EventGrid.Tests", "test\Extensions\EventGrid.Tests\Worker.Extensions.EventGrid.Tests.csproj", "{A5FC1C13-7A6A-4B87-9836-4014347C89FC}"
EndProject
Project("{FAE04EC0-301F-11D3-BF4B-00C04F79EFBC}") = "Worker.Extensions.EventHubs.Tests", "test\Extensions\EventHubs.Tests\Worker.Extensions.EventHubs.Tests.csproj", "{840F5EAF-21A2-4402-AACA-E8E74AFB1CD2}"
EndProject
Project("{FAE04EC0-301F-11D3-BF4B-00C04F79EFBC}") = "Worker.Extensions.Http.Tests", "test\Extensions\Http.Tests\Worker.Extensions.Http.Tests.csproj", "{00CB6B26-B77D-4430-A06E-6C55C0232A68}"
EndProject
Project("{FAE04EC0-301F-11D3-BF4B-00C04F79EFBC}") = "Worker.Extensions.Kafka.Tests", "test\Extensions\Kafka.Tests\Worker.Extensions.Kafka.Tests.csproj", "{ADD108EA-5532-4922-84B0-4B50D1F20D52}"
EndProject
Project("{FAE04EC0-301F-11D3-BF4B-00C04F79EFBC}") = "Worker.Extensions.RabbitMQ.Tests", "test\Extensions\RabbitMQ.Tests\Worker.Extensions.RabbitMQ.Tests.csproj", "{D3AF4E50-1910-405A-8D59-BDDB14E57DCC}"
EndProject
Project("{FAE04EC0-301F-11D3-BF4B-00C04F79EFBC}") = "Worker.Extensions.Rpc.Tests", "test\Extensions\Rpc.Tests\Worker.Extensions.Rpc.Tests.csproj", "{2EECCD58-29CA-4038-AC09-84ECC8782B52}"
EndProject
Project("{FAE04EC0-301F-11D3-BF4B-00C04F79EFBC}") = "Worker.Extensions.SendGrid.Tests", "test\Extensions\SendGrid.Tests\Worker.Extensions.SendGrid.Tests.csproj", "{34A2B675-8453-43BC-BD07-1AD164FE647B}"
EndProject
Project("{FAE04EC0-301F-11D3-BF4B-00C04F79EFBC}") = "Worker.Extensions.ServiceBus.Tests", "test\Extensions\ServiceBus.Tests\Worker.Extensions.ServiceBus.Tests.csproj", "{B56F13A3-812F-46F8-867A-7A34217F5752}"
EndProject
Project("{FAE04EC0-301F-11D3-BF4B-00C04F79EFBC}") = "Worker.Extensions.Shared.Tests", "test\Extensions\Shared.Tests\Worker.Extensions.Shared.Tests.csproj", "{DFE82C0B-0B77-4785-B194-4BA2D0C16ED6}"
EndProject
Project("{FAE04EC0-301F-11D3-BF4B-00C04F79EFBC}") = "Worker.Extensions.SignalRService.Tests", "test\Extensions\SignalRService.Tests\Worker.Extensions.SignalRService.Tests.csproj", "{D5B5653F-C842-4117-96E7-7DCB97B842BB}"
EndProject
Project("{FAE04EC0-301F-11D3-BF4B-00C04F79EFBC}") = "Worker.Extensions.Storage.Blobs.Tests", "test\Extensions\Storage.Blobs.Tests\Worker.Extensions.Storage.Blobs.Tests.csproj", "{CFE7041A-1EBB-4D5E-9425-AFDBA21FC457}"
EndProject
Project("{FAE04EC0-301F-11D3-BF4B-00C04F79EFBC}") = "Worker.Extensions.Storage.Queues.Tests", "test\Extensions\Storage.Queues.Tests\Worker.Extensions.Storage.Queues.Tests.csproj", "{38BE63D0-9874-4E9A-85CE-62F7E3047E2C}"
EndProject
Project("{FAE04EC0-301F-11D3-BF4B-00C04F79EFBC}") = "Worker.Extensions.Storage.Tests", "test\Extensions\Storage.Tests\Worker.Extensions.Storage.Tests.csproj", "{30D80FF1-7C02-4CFF-8549-8590CD6E033D}"
EndProject
Project("{FAE04EC0-301F-11D3-BF4B-00C04F79EFBC}") = "Worker.Extensions.Tables.Tests", "test\Extensions\Tables.Tests\Worker.Extensions.Tables.Tests.csproj", "{A5723E6D-27F8-40E9-8D64-9D271FD1BE3A}"
EndProject
Project("{FAE04EC0-301F-11D3-BF4B-00C04F79EFBC}") = "Worker.Extensions.Timer.Tests", "test\Extensions\Timer.Tests\Worker.Extensions.Timer.Tests.csproj", "{292B1C4A-8163-4E01-8FB3-E1E86181136A}"
EndProject
Project("{FAE04EC0-301F-11D3-BF4B-00C04F79EFBC}") = "Worker.Extensions.Warmup.Tests", "test\Extensions\Warmup.Tests\Worker.Extensions.Warmup.Tests.csproj", "{80F2E152-2F10-4B65-B49D-2EF5FDA61D23}"
EndProject
Project("{FAE04EC0-301F-11D3-BF4B-00C04F79EFBC}") = "TestUtility", "test\TestUtility\TestUtility.csproj", "{16DF352F-7076-45B1-85A0-60BDB6987817}"
EndProject
Project("{2150E333-8FDC-42A3-9474-1A3956D46DE8}") = "Worker", "Worker", "{BB535FEC-60EE-452F-83B9-5B6676E3AE40}"
EndProject
Project("{FAE04EC0-301F-11D3-BF4B-00C04F79EFBC}") = "Worker.Core.Tests", "test\Worker\Core.Tests\Worker.Core.Tests.csproj", "{EB1B618B-E011-4144-AF48-66FD19D07467}"
EndProject
Project("{FAE04EC0-301F-11D3-BF4B-00C04F79EFBC}") = "Worker.Grpc.Tests", "test\Worker\Grpc.Tests\Worker.Grpc.Tests.csproj", "{B666E729-0444-438E-80B1-D91BCF406BE8}"
EndProject
Project("{FAE04EC0-301F-11D3-BF4B-00C04F79EFBC}") = "Worker.Integration.Tests", "test\Worker\Integration.Tests\Worker.Integration.Tests.csproj", "{9F49E1AD-901F-4104-B901-23F33C5EF30B}"
EndProject
Project("{FAE04EC0-301F-11D3-BF4B-00C04F79EFBC}") = "Worker.Tests", "test\Worker\Worker.Tests\Worker.Tests.csproj", "{7A4C30DB-F0D5-4909-8B89-358382BB85F5}"
EndProject
Project("{FAE04EC0-301F-11D3-BF4B-00C04F79EFBC}") = "Shared.Channels", "src\Shared\Channels\Shared.Channels.csproj", "{A0863F96-C54E-4F13-97AE-8C0BF925C598}"
EndProject
Project("{2150E333-8FDC-42A3-9474-1A3956D46DE8}") = "Sdk", "Sdk", "{6A00C02E-805B-48E3-ADCD-BCCDE3EF2C66}"
EndProject
Project("{FAE04EC0-301F-11D3-BF4B-00C04F79EFBC}") = "Sdk.Analyzers", "src\Worker\Sdk\Analyzers\Sdk.Analyzers.csproj", "{44B71F93-7E62-45FB-8FBE-F960896FE9F6}"
EndProject
Project("{FAE04EC0-301F-11D3-BF4B-00C04F79EFBC}") = "Sdk.Generators", "src\Worker\Sdk\Generators\Sdk.Generators.csproj", "{E8600F98-A56E-49C5-BB3F-200530400FAD}"
EndProject
Project("{FAE04EC0-301F-11D3-BF4B-00C04F79EFBC}") = "Sdk", "src\Worker\Sdk\Sdk\Sdk.csproj", "{BC0ACFB8-9749-4FE6-9886-BDB9582537C9}"
EndProject
Project("{2150E333-8FDC-42A3-9474-1A3956D46DE8}") = "Sdk", "Sdk", "{1D9798B2-FADA-4B1A-9532-35A883C963E2}"
EndProject
Project("{FAE04EC0-301F-11D3-BF4B-00C04F79EFBC}") = "Sdk.Analyzers.Tests", "test\Worker\Sdk\Analyzers.Tests\Sdk.Analyzers.Tests.csproj", "{5837F79B-AF77-4315-84BC-C802A83D160E}"
EndProject
Project("{FAE04EC0-301F-11D3-BF4B-00C04F79EFBC}") = "Sdk.Generators.Tests", "test\Worker\Sdk\Generators.Tests\Sdk.Generators.Tests.csproj", "{D2326988-55A3-4C12-932A-6317A54B3E4D}"
EndProject
Project("{FAE04EC0-301F-11D3-BF4B-00C04F79EFBC}") = "Sdk.Integration.Tests", "test\Worker\Sdk\Integration.Tests\Sdk.Integration.Tests.csproj", "{18064A27-C500-47D1-9518-4D278492E747}"
EndProject
Project("{FAE04EC0-301F-11D3-BF4B-00C04F79EFBC}") = "Sdk.Tests", "test\Worker\Sdk\Sdk.Tests\Sdk.Tests.csproj", "{BB51ECCF-35D0-4A2D-B223-B5B8D1D9DEB7}"
EndProject
Global
	GlobalSection(SolutionConfigurationPlatforms) = preSolution
		Debug|Any CPU = Debug|Any CPU
		Release|Any CPU = Release|Any CPU
	EndGlobalSection
	GlobalSection(SolutionProperties) = preSolution
		HideSolutionNode = FALSE
	EndGlobalSection
	GlobalSection(ProjectConfigurationPlatforms) = postSolution
		{A8793851-6404-4649-806A-BCA3536FCA0B}.Debug|Any CPU.ActiveCfg = Debug|Any CPU
		{A8793851-6404-4649-806A-BCA3536FCA0B}.Debug|Any CPU.Build.0 = Debug|Any CPU
		{A8793851-6404-4649-806A-BCA3536FCA0B}.Release|Any CPU.ActiveCfg = Release|Any CPU
		{A8793851-6404-4649-806A-BCA3536FCA0B}.Release|Any CPU.Build.0 = Release|Any CPU
		{EB12D069-12C8-42ED-8469-A61C37798660}.Debug|Any CPU.ActiveCfg = Debug|Any CPU
		{EB12D069-12C8-42ED-8469-A61C37798660}.Debug|Any CPU.Build.0 = Debug|Any CPU
		{EB12D069-12C8-42ED-8469-A61C37798660}.Release|Any CPU.ActiveCfg = Release|Any CPU
		{EB12D069-12C8-42ED-8469-A61C37798660}.Release|Any CPU.Build.0 = Release|Any CPU
		{C3172C4B-105D-4539-BEC8-47681B327A2D}.Debug|Any CPU.ActiveCfg = Debug|Any CPU
		{C3172C4B-105D-4539-BEC8-47681B327A2D}.Debug|Any CPU.Build.0 = Debug|Any CPU
		{C3172C4B-105D-4539-BEC8-47681B327A2D}.Release|Any CPU.ActiveCfg = Release|Any CPU
		{C3172C4B-105D-4539-BEC8-47681B327A2D}.Release|Any CPU.Build.0 = Release|Any CPU
		{AB935EAB-FEDA-4B39-986E-5A5C90EDF403}.Debug|Any CPU.ActiveCfg = Debug|Any CPU
		{AB935EAB-FEDA-4B39-986E-5A5C90EDF403}.Debug|Any CPU.Build.0 = Debug|Any CPU
		{AB935EAB-FEDA-4B39-986E-5A5C90EDF403}.Release|Any CPU.ActiveCfg = Release|Any CPU
		{AB935EAB-FEDA-4B39-986E-5A5C90EDF403}.Release|Any CPU.Build.0 = Release|Any CPU
		{79950839-CEA7-43B9-BE0E-56FC695364E3}.Debug|Any CPU.ActiveCfg = Debug|Any CPU
		{79950839-CEA7-43B9-BE0E-56FC695364E3}.Debug|Any CPU.Build.0 = Debug|Any CPU
		{79950839-CEA7-43B9-BE0E-56FC695364E3}.Release|Any CPU.ActiveCfg = Release|Any CPU
		{79950839-CEA7-43B9-BE0E-56FC695364E3}.Release|Any CPU.Build.0 = Release|Any CPU
		{93C5871C-6D7A-4AC0-988D-222BABC07CC4}.Debug|Any CPU.ActiveCfg = Debug|Any CPU
		{93C5871C-6D7A-4AC0-988D-222BABC07CC4}.Debug|Any CPU.Build.0 = Debug|Any CPU
		{93C5871C-6D7A-4AC0-988D-222BABC07CC4}.Release|Any CPU.ActiveCfg = Release|Any CPU
		{93C5871C-6D7A-4AC0-988D-222BABC07CC4}.Release|Any CPU.Build.0 = Release|Any CPU
		{488BC73A-9B3A-4B25-9810-9FA2AC0B4E87}.Debug|Any CPU.ActiveCfg = Debug|Any CPU
		{488BC73A-9B3A-4B25-9810-9FA2AC0B4E87}.Debug|Any CPU.Build.0 = Debug|Any CPU
		{488BC73A-9B3A-4B25-9810-9FA2AC0B4E87}.Release|Any CPU.ActiveCfg = Release|Any CPU
		{488BC73A-9B3A-4B25-9810-9FA2AC0B4E87}.Release|Any CPU.Build.0 = Release|Any CPU
		{2D87B15B-DDC4-4CB8-8340-BB4D925ED153}.Debug|Any CPU.ActiveCfg = Debug|Any CPU
		{2D87B15B-DDC4-4CB8-8340-BB4D925ED153}.Debug|Any CPU.Build.0 = Debug|Any CPU
		{2D87B15B-DDC4-4CB8-8340-BB4D925ED153}.Release|Any CPU.ActiveCfg = Release|Any CPU
		{2D87B15B-DDC4-4CB8-8340-BB4D925ED153}.Release|Any CPU.Build.0 = Release|Any CPU
		{BD2C6565-81F8-4AC8-A94F-20A1510FEF44}.Debug|Any CPU.ActiveCfg = Debug|Any CPU
		{BD2C6565-81F8-4AC8-A94F-20A1510FEF44}.Debug|Any CPU.Build.0 = Debug|Any CPU
		{BD2C6565-81F8-4AC8-A94F-20A1510FEF44}.Release|Any CPU.ActiveCfg = Release|Any CPU
		{BD2C6565-81F8-4AC8-A94F-20A1510FEF44}.Release|Any CPU.Build.0 = Release|Any CPU
		{CE965395-C19C-428D-AB42-5CBE3F3C6D35}.Debug|Any CPU.ActiveCfg = Debug|Any CPU
		{CE965395-C19C-428D-AB42-5CBE3F3C6D35}.Debug|Any CPU.Build.0 = Debug|Any CPU
		{CE965395-C19C-428D-AB42-5CBE3F3C6D35}.Release|Any CPU.ActiveCfg = Release|Any CPU
		{CE965395-C19C-428D-AB42-5CBE3F3C6D35}.Release|Any CPU.Build.0 = Release|Any CPU
		{A09923CC-6CC5-46C7-B963-9F68DBBA2CB8}.Debug|Any CPU.ActiveCfg = Debug|Any CPU
		{A09923CC-6CC5-46C7-B963-9F68DBBA2CB8}.Debug|Any CPU.Build.0 = Debug|Any CPU
		{A09923CC-6CC5-46C7-B963-9F68DBBA2CB8}.Release|Any CPU.ActiveCfg = Release|Any CPU
		{A09923CC-6CC5-46C7-B963-9F68DBBA2CB8}.Release|Any CPU.Build.0 = Release|Any CPU
		{A74773B7-628F-453A-B132-DB275FCF66EF}.Debug|Any CPU.ActiveCfg = Debug|Any CPU
		{A74773B7-628F-453A-B132-DB275FCF66EF}.Debug|Any CPU.Build.0 = Debug|Any CPU
		{A74773B7-628F-453A-B132-DB275FCF66EF}.Release|Any CPU.ActiveCfg = Release|Any CPU
		{A74773B7-628F-453A-B132-DB275FCF66EF}.Release|Any CPU.Build.0 = Release|Any CPU
		{00E54585-DB26-4EB9-BCAC-1CE11E45B908}.Debug|Any CPU.ActiveCfg = Debug|Any CPU
		{00E54585-DB26-4EB9-BCAC-1CE11E45B908}.Debug|Any CPU.Build.0 = Debug|Any CPU
		{00E54585-DB26-4EB9-BCAC-1CE11E45B908}.Release|Any CPU.ActiveCfg = Release|Any CPU
		{00E54585-DB26-4EB9-BCAC-1CE11E45B908}.Release|Any CPU.Build.0 = Release|Any CPU
		{17418A25-9A76-4556-82F7-217F7F738E30}.Debug|Any CPU.ActiveCfg = Debug|Any CPU
		{17418A25-9A76-4556-82F7-217F7F738E30}.Debug|Any CPU.Build.0 = Debug|Any CPU
		{17418A25-9A76-4556-82F7-217F7F738E30}.Release|Any CPU.ActiveCfg = Release|Any CPU
		{17418A25-9A76-4556-82F7-217F7F738E30}.Release|Any CPU.Build.0 = Release|Any CPU
		{C7BB54A7-C32E-4896-8679-3C90CDE1BA87}.Debug|Any CPU.ActiveCfg = Debug|Any CPU
		{C7BB54A7-C32E-4896-8679-3C90CDE1BA87}.Debug|Any CPU.Build.0 = Debug|Any CPU
		{C7BB54A7-C32E-4896-8679-3C90CDE1BA87}.Release|Any CPU.ActiveCfg = Release|Any CPU
		{C7BB54A7-C32E-4896-8679-3C90CDE1BA87}.Release|Any CPU.Build.0 = Release|Any CPU
		{9506C0DE-C35A-44E7-A269-8589E63488E2}.Debug|Any CPU.ActiveCfg = Debug|Any CPU
		{9506C0DE-C35A-44E7-A269-8589E63488E2}.Debug|Any CPU.Build.0 = Debug|Any CPU
		{9506C0DE-C35A-44E7-A269-8589E63488E2}.Release|Any CPU.ActiveCfg = Release|Any CPU
		{9506C0DE-C35A-44E7-A269-8589E63488E2}.Release|Any CPU.Build.0 = Release|Any CPU
		{6C48DA05-4857-4D30-825F-10BF753F7C8F}.Debug|Any CPU.ActiveCfg = Debug|Any CPU
		{6C48DA05-4857-4D30-825F-10BF753F7C8F}.Debug|Any CPU.Build.0 = Debug|Any CPU
		{6C48DA05-4857-4D30-825F-10BF753F7C8F}.Release|Any CPU.ActiveCfg = Release|Any CPU
		{6C48DA05-4857-4D30-825F-10BF753F7C8F}.Release|Any CPU.Build.0 = Release|Any CPU
		{DC3B9CE6-7223-49A7-8849-A1C047896D14}.Debug|Any CPU.ActiveCfg = Debug|Any CPU
		{DC3B9CE6-7223-49A7-8849-A1C047896D14}.Debug|Any CPU.Build.0 = Debug|Any CPU
		{DC3B9CE6-7223-49A7-8849-A1C047896D14}.Release|Any CPU.ActiveCfg = Release|Any CPU
		{DC3B9CE6-7223-49A7-8849-A1C047896D14}.Release|Any CPU.Build.0 = Release|Any CPU
		{EA96C5E9-F6A5-42F6-A4A0-92EBB440E0C2}.Debug|Any CPU.ActiveCfg = Debug|Any CPU
		{EA96C5E9-F6A5-42F6-A4A0-92EBB440E0C2}.Debug|Any CPU.Build.0 = Debug|Any CPU
		{EA96C5E9-F6A5-42F6-A4A0-92EBB440E0C2}.Release|Any CPU.ActiveCfg = Release|Any CPU
		{EA96C5E9-F6A5-42F6-A4A0-92EBB440E0C2}.Release|Any CPU.Build.0 = Release|Any CPU
		{C25CFA1E-E949-4FAF-8E20-424232543EF9}.Debug|Any CPU.ActiveCfg = Debug|Any CPU
		{C25CFA1E-E949-4FAF-8E20-424232543EF9}.Debug|Any CPU.Build.0 = Debug|Any CPU
		{C25CFA1E-E949-4FAF-8E20-424232543EF9}.Release|Any CPU.ActiveCfg = Release|Any CPU
		{C25CFA1E-E949-4FAF-8E20-424232543EF9}.Release|Any CPU.Build.0 = Release|Any CPU
		{02266DF9-F92B-48C0-95A7-0FB31A704D07}.Debug|Any CPU.ActiveCfg = Debug|Any CPU
		{02266DF9-F92B-48C0-95A7-0FB31A704D07}.Debug|Any CPU.Build.0 = Debug|Any CPU
		{02266DF9-F92B-48C0-95A7-0FB31A704D07}.Release|Any CPU.ActiveCfg = Release|Any CPU
		{02266DF9-F92B-48C0-95A7-0FB31A704D07}.Release|Any CPU.Build.0 = Release|Any CPU
		{C56C564A-F1CF-4904-AB53-FF3423030DF4}.Debug|Any CPU.ActiveCfg = Debug|Any CPU
		{C56C564A-F1CF-4904-AB53-FF3423030DF4}.Debug|Any CPU.Build.0 = Debug|Any CPU
		{C56C564A-F1CF-4904-AB53-FF3423030DF4}.Release|Any CPU.ActiveCfg = Release|Any CPU
		{C56C564A-F1CF-4904-AB53-FF3423030DF4}.Release|Any CPU.Build.0 = Release|Any CPU
		{DE945F21-F7F2-4DC7-943F-0FA3564087B9}.Debug|Any CPU.ActiveCfg = Debug|Any CPU
		{DE945F21-F7F2-4DC7-943F-0FA3564087B9}.Debug|Any CPU.Build.0 = Debug|Any CPU
		{DE945F21-F7F2-4DC7-943F-0FA3564087B9}.Release|Any CPU.ActiveCfg = Release|Any CPU
		{DE945F21-F7F2-4DC7-943F-0FA3564087B9}.Release|Any CPU.Build.0 = Release|Any CPU
		{F50DCCEE-91C9-46C3-B80B-47CF739B8D8D}.Debug|Any CPU.ActiveCfg = Debug|Any CPU
		{F50DCCEE-91C9-46C3-B80B-47CF739B8D8D}.Debug|Any CPU.Build.0 = Debug|Any CPU
		{F50DCCEE-91C9-46C3-B80B-47CF739B8D8D}.Release|Any CPU.ActiveCfg = Release|Any CPU
		{F50DCCEE-91C9-46C3-B80B-47CF739B8D8D}.Release|Any CPU.Build.0 = Release|Any CPU
		{58788F1F-EE7A-49CC-9BFC-BEB4F6048673}.Debug|Any CPU.ActiveCfg = Debug|Any CPU
		{58788F1F-EE7A-49CC-9BFC-BEB4F6048673}.Debug|Any CPU.Build.0 = Debug|Any CPU
		{58788F1F-EE7A-49CC-9BFC-BEB4F6048673}.Release|Any CPU.ActiveCfg = Release|Any CPU
		{58788F1F-EE7A-49CC-9BFC-BEB4F6048673}.Release|Any CPU.Build.0 = Release|Any CPU
		{A5FC1C13-7A6A-4B87-9836-4014347C89FC}.Debug|Any CPU.ActiveCfg = Debug|Any CPU
		{A5FC1C13-7A6A-4B87-9836-4014347C89FC}.Debug|Any CPU.Build.0 = Debug|Any CPU
		{A5FC1C13-7A6A-4B87-9836-4014347C89FC}.Release|Any CPU.ActiveCfg = Release|Any CPU
		{A5FC1C13-7A6A-4B87-9836-4014347C89FC}.Release|Any CPU.Build.0 = Release|Any CPU
		{840F5EAF-21A2-4402-AACA-E8E74AFB1CD2}.Debug|Any CPU.ActiveCfg = Debug|Any CPU
		{840F5EAF-21A2-4402-AACA-E8E74AFB1CD2}.Debug|Any CPU.Build.0 = Debug|Any CPU
		{840F5EAF-21A2-4402-AACA-E8E74AFB1CD2}.Release|Any CPU.ActiveCfg = Release|Any CPU
		{840F5EAF-21A2-4402-AACA-E8E74AFB1CD2}.Release|Any CPU.Build.0 = Release|Any CPU
		{00CB6B26-B77D-4430-A06E-6C55C0232A68}.Debug|Any CPU.ActiveCfg = Debug|Any CPU
		{00CB6B26-B77D-4430-A06E-6C55C0232A68}.Debug|Any CPU.Build.0 = Debug|Any CPU
		{00CB6B26-B77D-4430-A06E-6C55C0232A68}.Release|Any CPU.ActiveCfg = Release|Any CPU
		{00CB6B26-B77D-4430-A06E-6C55C0232A68}.Release|Any CPU.Build.0 = Release|Any CPU
		{ADD108EA-5532-4922-84B0-4B50D1F20D52}.Debug|Any CPU.ActiveCfg = Debug|Any CPU
		{ADD108EA-5532-4922-84B0-4B50D1F20D52}.Debug|Any CPU.Build.0 = Debug|Any CPU
		{ADD108EA-5532-4922-84B0-4B50D1F20D52}.Release|Any CPU.ActiveCfg = Release|Any CPU
		{ADD108EA-5532-4922-84B0-4B50D1F20D52}.Release|Any CPU.Build.0 = Release|Any CPU
		{D3AF4E50-1910-405A-8D59-BDDB14E57DCC}.Debug|Any CPU.ActiveCfg = Debug|Any CPU
		{D3AF4E50-1910-405A-8D59-BDDB14E57DCC}.Debug|Any CPU.Build.0 = Debug|Any CPU
		{D3AF4E50-1910-405A-8D59-BDDB14E57DCC}.Release|Any CPU.ActiveCfg = Release|Any CPU
		{D3AF4E50-1910-405A-8D59-BDDB14E57DCC}.Release|Any CPU.Build.0 = Release|Any CPU
		{2EECCD58-29CA-4038-AC09-84ECC8782B52}.Debug|Any CPU.ActiveCfg = Debug|Any CPU
		{2EECCD58-29CA-4038-AC09-84ECC8782B52}.Debug|Any CPU.Build.0 = Debug|Any CPU
		{2EECCD58-29CA-4038-AC09-84ECC8782B52}.Release|Any CPU.ActiveCfg = Release|Any CPU
		{2EECCD58-29CA-4038-AC09-84ECC8782B52}.Release|Any CPU.Build.0 = Release|Any CPU
		{34A2B675-8453-43BC-BD07-1AD164FE647B}.Debug|Any CPU.ActiveCfg = Debug|Any CPU
		{34A2B675-8453-43BC-BD07-1AD164FE647B}.Debug|Any CPU.Build.0 = Debug|Any CPU
		{34A2B675-8453-43BC-BD07-1AD164FE647B}.Release|Any CPU.ActiveCfg = Release|Any CPU
		{34A2B675-8453-43BC-BD07-1AD164FE647B}.Release|Any CPU.Build.0 = Release|Any CPU
		{B56F13A3-812F-46F8-867A-7A34217F5752}.Debug|Any CPU.ActiveCfg = Debug|Any CPU
		{B56F13A3-812F-46F8-867A-7A34217F5752}.Debug|Any CPU.Build.0 = Debug|Any CPU
		{B56F13A3-812F-46F8-867A-7A34217F5752}.Release|Any CPU.ActiveCfg = Release|Any CPU
		{B56F13A3-812F-46F8-867A-7A34217F5752}.Release|Any CPU.Build.0 = Release|Any CPU
		{DFE82C0B-0B77-4785-B194-4BA2D0C16ED6}.Debug|Any CPU.ActiveCfg = Debug|Any CPU
		{DFE82C0B-0B77-4785-B194-4BA2D0C16ED6}.Debug|Any CPU.Build.0 = Debug|Any CPU
		{DFE82C0B-0B77-4785-B194-4BA2D0C16ED6}.Release|Any CPU.ActiveCfg = Release|Any CPU
		{DFE82C0B-0B77-4785-B194-4BA2D0C16ED6}.Release|Any CPU.Build.0 = Release|Any CPU
		{D5B5653F-C842-4117-96E7-7DCB97B842BB}.Debug|Any CPU.ActiveCfg = Debug|Any CPU
		{D5B5653F-C842-4117-96E7-7DCB97B842BB}.Debug|Any CPU.Build.0 = Debug|Any CPU
		{D5B5653F-C842-4117-96E7-7DCB97B842BB}.Release|Any CPU.ActiveCfg = Release|Any CPU
		{D5B5653F-C842-4117-96E7-7DCB97B842BB}.Release|Any CPU.Build.0 = Release|Any CPU
		{CFE7041A-1EBB-4D5E-9425-AFDBA21FC457}.Debug|Any CPU.ActiveCfg = Debug|Any CPU
		{CFE7041A-1EBB-4D5E-9425-AFDBA21FC457}.Debug|Any CPU.Build.0 = Debug|Any CPU
		{CFE7041A-1EBB-4D5E-9425-AFDBA21FC457}.Release|Any CPU.ActiveCfg = Release|Any CPU
		{CFE7041A-1EBB-4D5E-9425-AFDBA21FC457}.Release|Any CPU.Build.0 = Release|Any CPU
		{38BE63D0-9874-4E9A-85CE-62F7E3047E2C}.Debug|Any CPU.ActiveCfg = Debug|Any CPU
		{38BE63D0-9874-4E9A-85CE-62F7E3047E2C}.Debug|Any CPU.Build.0 = Debug|Any CPU
		{38BE63D0-9874-4E9A-85CE-62F7E3047E2C}.Release|Any CPU.ActiveCfg = Release|Any CPU
		{38BE63D0-9874-4E9A-85CE-62F7E3047E2C}.Release|Any CPU.Build.0 = Release|Any CPU
		{30D80FF1-7C02-4CFF-8549-8590CD6E033D}.Debug|Any CPU.ActiveCfg = Debug|Any CPU
		{30D80FF1-7C02-4CFF-8549-8590CD6E033D}.Debug|Any CPU.Build.0 = Debug|Any CPU
		{30D80FF1-7C02-4CFF-8549-8590CD6E033D}.Release|Any CPU.ActiveCfg = Release|Any CPU
		{30D80FF1-7C02-4CFF-8549-8590CD6E033D}.Release|Any CPU.Build.0 = Release|Any CPU
		{A5723E6D-27F8-40E9-8D64-9D271FD1BE3A}.Debug|Any CPU.ActiveCfg = Debug|Any CPU
		{A5723E6D-27F8-40E9-8D64-9D271FD1BE3A}.Debug|Any CPU.Build.0 = Debug|Any CPU
		{A5723E6D-27F8-40E9-8D64-9D271FD1BE3A}.Release|Any CPU.ActiveCfg = Release|Any CPU
		{A5723E6D-27F8-40E9-8D64-9D271FD1BE3A}.Release|Any CPU.Build.0 = Release|Any CPU
		{292B1C4A-8163-4E01-8FB3-E1E86181136A}.Debug|Any CPU.ActiveCfg = Debug|Any CPU
		{292B1C4A-8163-4E01-8FB3-E1E86181136A}.Debug|Any CPU.Build.0 = Debug|Any CPU
		{292B1C4A-8163-4E01-8FB3-E1E86181136A}.Release|Any CPU.ActiveCfg = Release|Any CPU
		{292B1C4A-8163-4E01-8FB3-E1E86181136A}.Release|Any CPU.Build.0 = Release|Any CPU
		{80F2E152-2F10-4B65-B49D-2EF5FDA61D23}.Debug|Any CPU.ActiveCfg = Debug|Any CPU
		{80F2E152-2F10-4B65-B49D-2EF5FDA61D23}.Debug|Any CPU.Build.0 = Debug|Any CPU
		{80F2E152-2F10-4B65-B49D-2EF5FDA61D23}.Release|Any CPU.ActiveCfg = Release|Any CPU
		{80F2E152-2F10-4B65-B49D-2EF5FDA61D23}.Release|Any CPU.Build.0 = Release|Any CPU
		{16DF352F-7076-45B1-85A0-60BDB6987817}.Debug|Any CPU.ActiveCfg = Debug|Any CPU
		{16DF352F-7076-45B1-85A0-60BDB6987817}.Debug|Any CPU.Build.0 = Debug|Any CPU
		{16DF352F-7076-45B1-85A0-60BDB6987817}.Release|Any CPU.ActiveCfg = Release|Any CPU
		{16DF352F-7076-45B1-85A0-60BDB6987817}.Release|Any CPU.Build.0 = Release|Any CPU
		{EB1B618B-E011-4144-AF48-66FD19D07467}.Debug|Any CPU.ActiveCfg = Debug|Any CPU
		{EB1B618B-E011-4144-AF48-66FD19D07467}.Debug|Any CPU.Build.0 = Debug|Any CPU
		{EB1B618B-E011-4144-AF48-66FD19D07467}.Release|Any CPU.ActiveCfg = Release|Any CPU
		{EB1B618B-E011-4144-AF48-66FD19D07467}.Release|Any CPU.Build.0 = Release|Any CPU
		{B666E729-0444-438E-80B1-D91BCF406BE8}.Debug|Any CPU.ActiveCfg = Debug|Any CPU
		{B666E729-0444-438E-80B1-D91BCF406BE8}.Debug|Any CPU.Build.0 = Debug|Any CPU
		{B666E729-0444-438E-80B1-D91BCF406BE8}.Release|Any CPU.ActiveCfg = Release|Any CPU
		{B666E729-0444-438E-80B1-D91BCF406BE8}.Release|Any CPU.Build.0 = Release|Any CPU
		{9F49E1AD-901F-4104-B901-23F33C5EF30B}.Debug|Any CPU.ActiveCfg = Debug|Any CPU
		{9F49E1AD-901F-4104-B901-23F33C5EF30B}.Debug|Any CPU.Build.0 = Debug|Any CPU
		{9F49E1AD-901F-4104-B901-23F33C5EF30B}.Release|Any CPU.ActiveCfg = Release|Any CPU
		{9F49E1AD-901F-4104-B901-23F33C5EF30B}.Release|Any CPU.Build.0 = Release|Any CPU
		{7A4C30DB-F0D5-4909-8B89-358382BB85F5}.Debug|Any CPU.ActiveCfg = Debug|Any CPU
		{7A4C30DB-F0D5-4909-8B89-358382BB85F5}.Debug|Any CPU.Build.0 = Debug|Any CPU
		{7A4C30DB-F0D5-4909-8B89-358382BB85F5}.Release|Any CPU.ActiveCfg = Release|Any CPU
		{7A4C30DB-F0D5-4909-8B89-358382BB85F5}.Release|Any CPU.Build.0 = Release|Any CPU
		{A0863F96-C54E-4F13-97AE-8C0BF925C598}.Debug|Any CPU.ActiveCfg = Debug|Any CPU
		{A0863F96-C54E-4F13-97AE-8C0BF925C598}.Debug|Any CPU.Build.0 = Debug|Any CPU
		{A0863F96-C54E-4F13-97AE-8C0BF925C598}.Release|Any CPU.ActiveCfg = Release|Any CPU
		{A0863F96-C54E-4F13-97AE-8C0BF925C598}.Release|Any CPU.Build.0 = Release|Any CPU
		{44B71F93-7E62-45FB-8FBE-F960896FE9F6}.Debug|Any CPU.ActiveCfg = Debug|Any CPU
		{44B71F93-7E62-45FB-8FBE-F960896FE9F6}.Debug|Any CPU.Build.0 = Debug|Any CPU
		{44B71F93-7E62-45FB-8FBE-F960896FE9F6}.Release|Any CPU.ActiveCfg = Release|Any CPU
		{44B71F93-7E62-45FB-8FBE-F960896FE9F6}.Release|Any CPU.Build.0 = Release|Any CPU
		{E8600F98-A56E-49C5-BB3F-200530400FAD}.Debug|Any CPU.ActiveCfg = Debug|Any CPU
		{E8600F98-A56E-49C5-BB3F-200530400FAD}.Debug|Any CPU.Build.0 = Debug|Any CPU
		{E8600F98-A56E-49C5-BB3F-200530400FAD}.Release|Any CPU.ActiveCfg = Release|Any CPU
		{E8600F98-A56E-49C5-BB3F-200530400FAD}.Release|Any CPU.Build.0 = Release|Any CPU
		{BC0ACFB8-9749-4FE6-9886-BDB9582537C9}.Debug|Any CPU.ActiveCfg = Debug|Any CPU
		{BC0ACFB8-9749-4FE6-9886-BDB9582537C9}.Debug|Any CPU.Build.0 = Debug|Any CPU
		{BC0ACFB8-9749-4FE6-9886-BDB9582537C9}.Release|Any CPU.ActiveCfg = Release|Any CPU
		{BC0ACFB8-9749-4FE6-9886-BDB9582537C9}.Release|Any CPU.Build.0 = Release|Any CPU
		{5837F79B-AF77-4315-84BC-C802A83D160E}.Debug|Any CPU.ActiveCfg = Debug|Any CPU
		{5837F79B-AF77-4315-84BC-C802A83D160E}.Debug|Any CPU.Build.0 = Debug|Any CPU
		{5837F79B-AF77-4315-84BC-C802A83D160E}.Release|Any CPU.ActiveCfg = Release|Any CPU
		{5837F79B-AF77-4315-84BC-C802A83D160E}.Release|Any CPU.Build.0 = Release|Any CPU
		{D2326988-55A3-4C12-932A-6317A54B3E4D}.Debug|Any CPU.ActiveCfg = Debug|Any CPU
		{D2326988-55A3-4C12-932A-6317A54B3E4D}.Debug|Any CPU.Build.0 = Debug|Any CPU
		{D2326988-55A3-4C12-932A-6317A54B3E4D}.Release|Any CPU.ActiveCfg = Release|Any CPU
		{D2326988-55A3-4C12-932A-6317A54B3E4D}.Release|Any CPU.Build.0 = Release|Any CPU
		{18064A27-C500-47D1-9518-4D278492E747}.Debug|Any CPU.ActiveCfg = Debug|Any CPU
		{18064A27-C500-47D1-9518-4D278492E747}.Debug|Any CPU.Build.0 = Debug|Any CPU
		{18064A27-C500-47D1-9518-4D278492E747}.Release|Any CPU.ActiveCfg = Release|Any CPU
		{18064A27-C500-47D1-9518-4D278492E747}.Release|Any CPU.Build.0 = Release|Any CPU
		{BB51ECCF-35D0-4A2D-B223-B5B8D1D9DEB7}.Debug|Any CPU.ActiveCfg = Debug|Any CPU
		{BB51ECCF-35D0-4A2D-B223-B5B8D1D9DEB7}.Debug|Any CPU.Build.0 = Debug|Any CPU
		{BB51ECCF-35D0-4A2D-B223-B5B8D1D9DEB7}.Release|Any CPU.ActiveCfg = Release|Any CPU
		{BB51ECCF-35D0-4A2D-B223-B5B8D1D9DEB7}.Release|Any CPU.Build.0 = Release|Any CPU
	EndGlobalSection
	GlobalSection(NestedProjects) = preSolution
		{907464A2-4134-4FEE-8209-913446BD2CE5} = {9D1B67B5-2297-4362-992F-E632EFDE6160}
		{2191CC97-8A7C-4BE7-A5EC-437AC0C944C5} = {907464A2-4134-4FEE-8209-913446BD2CE5}
		{EB12D069-12C8-42ED-8469-A61C37798660} = {2191CC97-8A7C-4BE7-A5EC-437AC0C944C5}
		{31D43396-9D60-4961-9EC4-E08F0AD8AD74} = {907464A2-4134-4FEE-8209-913446BD2CE5}
		{C3172C4B-105D-4539-BEC8-47681B327A2D} = {31D43396-9D60-4961-9EC4-E08F0AD8AD74}
		{C6270583-3F7B-479A-A77B-A145C36E8A04} = {907464A2-4134-4FEE-8209-913446BD2CE5}
		{AB935EAB-FEDA-4B39-986E-5A5C90EDF403} = {C6270583-3F7B-479A-A77B-A145C36E8A04}
		{DB7D9FB9-40CB-4304-B2C4-885D89DD1AFC} = {907464A2-4134-4FEE-8209-913446BD2CE5}
		{79950839-CEA7-43B9-BE0E-56FC695364E3} = {DB7D9FB9-40CB-4304-B2C4-885D89DD1AFC}
		{5BEF6630-93DE-4DF8-83D1-52A095331DCE} = {907464A2-4134-4FEE-8209-913446BD2CE5}
		{93C5871C-6D7A-4AC0-988D-222BABC07CC4} = {5BEF6630-93DE-4DF8-83D1-52A095331DCE}
		{224BAA0F-5F52-4AFA-94B1-B9E2C0B5D301} = {907464A2-4134-4FEE-8209-913446BD2CE5}
		{488BC73A-9B3A-4B25-9810-9FA2AC0B4E87} = {224BAA0F-5F52-4AFA-94B1-B9E2C0B5D301}
		{212B7E66-2682-40D6-A1D0-EFC3C30C880C} = {907464A2-4134-4FEE-8209-913446BD2CE5}
		{2D87B15B-DDC4-4CB8-8340-BB4D925ED153} = {212B7E66-2682-40D6-A1D0-EFC3C30C880C}
		{3A9087DC-70C3-428F-8A00-6599963840B1} = {907464A2-4134-4FEE-8209-913446BD2CE5}
		{BD2C6565-81F8-4AC8-A94F-20A1510FEF44} = {3A9087DC-70C3-428F-8A00-6599963840B1}
		{5F6BD593-DEB6-48BE-B95E-6EDAA512EB44} = {907464A2-4134-4FEE-8209-913446BD2CE5}
		{CE965395-C19C-428D-AB42-5CBE3F3C6D35} = {5F6BD593-DEB6-48BE-B95E-6EDAA512EB44}
		{E0A8FBB5-972B-4BF9-9F22-034388765514} = {907464A2-4134-4FEE-8209-913446BD2CE5}
		{A09923CC-6CC5-46C7-B963-9F68DBBA2CB8} = {E0A8FBB5-972B-4BF9-9F22-034388765514}
		{C1ADFA9F-CCC0-4707-9225-3C3430388B82} = {907464A2-4134-4FEE-8209-913446BD2CE5}
		{A74773B7-628F-453A-B132-DB275FCF66EF} = {C1ADFA9F-CCC0-4707-9225-3C3430388B82}
		{F91F245F-992E-40DA-9219-BFCD5604A80E} = {907464A2-4134-4FEE-8209-913446BD2CE5}
		{00E54585-DB26-4EB9-BCAC-1CE11E45B908} = {F91F245F-992E-40DA-9219-BFCD5604A80E}
		{7EA40C2B-972E-467B-8592-B9379E696882} = {907464A2-4134-4FEE-8209-913446BD2CE5}
		{17418A25-9A76-4556-82F7-217F7F738E30} = {7EA40C2B-972E-467B-8592-B9379E696882}
		{4C2ECE89-2E30-4256-8080-A20C00A879F5} = {907464A2-4134-4FEE-8209-913446BD2CE5}
		{C7BB54A7-C32E-4896-8679-3C90CDE1BA87} = {4C2ECE89-2E30-4256-8080-A20C00A879F5}
		{3DBEC20A-2BD3-4BA6-90EB-C89781A68E35} = {907464A2-4134-4FEE-8209-913446BD2CE5}
		{9506C0DE-C35A-44E7-A269-8589E63488E2} = {3DBEC20A-2BD3-4BA6-90EB-C89781A68E35}
		{2710C805-B510-4F8C-8136-E529854E1B2E} = {907464A2-4134-4FEE-8209-913446BD2CE5}
		{6C48DA05-4857-4D30-825F-10BF753F7C8F} = {2710C805-B510-4F8C-8136-E529854E1B2E}
		{EB3260C8-B24F-404D-87A1-7831166C6C02} = {907464A2-4134-4FEE-8209-913446BD2CE5}
		{DC3B9CE6-7223-49A7-8849-A1C047896D14} = {EB3260C8-B24F-404D-87A1-7831166C6C02}
		{B7041024-E70D-4BBC-ACF4-98660A96BDB8} = {907464A2-4134-4FEE-8209-913446BD2CE5}
		{EA96C5E9-F6A5-42F6-A4A0-92EBB440E0C2} = {B7041024-E70D-4BBC-ACF4-98660A96BDB8}
		{BA0E69AD-CBDB-46A0-9B68-BBEA679EB27B} = {9D1B67B5-2297-4362-992F-E632EFDE6160}
		{C25CFA1E-E949-4FAF-8E20-424232543EF9} = {BA0E69AD-CBDB-46A0-9B68-BBEA679EB27B}
		{E3086E17-D461-42B1-89F3-A08054B72DB5} = {9D1B67B5-2297-4362-992F-E632EFDE6160}
		{02266DF9-F92B-48C0-95A7-0FB31A704D07} = {E3086E17-D461-42B1-89F3-A08054B72DB5}
		{C56C564A-F1CF-4904-AB53-FF3423030DF4} = {E3086E17-D461-42B1-89F3-A08054B72DB5}
		{DE945F21-F7F2-4DC7-943F-0FA3564087B9} = {E3086E17-D461-42B1-89F3-A08054B72DB5}
		{38556F4A-9250-439D-AE03-ADC2978A51E6} = {DB28BC11-CE07-4070-906F-3F84C9618091}
		{F50DCCEE-91C9-46C3-B80B-47CF739B8D8D} = {38556F4A-9250-439D-AE03-ADC2978A51E6}
		{58788F1F-EE7A-49CC-9BFC-BEB4F6048673} = {38556F4A-9250-439D-AE03-ADC2978A51E6}
		{A5FC1C13-7A6A-4B87-9836-4014347C89FC} = {38556F4A-9250-439D-AE03-ADC2978A51E6}
		{840F5EAF-21A2-4402-AACA-E8E74AFB1CD2} = {38556F4A-9250-439D-AE03-ADC2978A51E6}
		{00CB6B26-B77D-4430-A06E-6C55C0232A68} = {38556F4A-9250-439D-AE03-ADC2978A51E6}
		{ADD108EA-5532-4922-84B0-4B50D1F20D52} = {38556F4A-9250-439D-AE03-ADC2978A51E6}
		{D3AF4E50-1910-405A-8D59-BDDB14E57DCC} = {38556F4A-9250-439D-AE03-ADC2978A51E6}
		{2EECCD58-29CA-4038-AC09-84ECC8782B52} = {38556F4A-9250-439D-AE03-ADC2978A51E6}
		{34A2B675-8453-43BC-BD07-1AD164FE647B} = {38556F4A-9250-439D-AE03-ADC2978A51E6}
		{B56F13A3-812F-46F8-867A-7A34217F5752} = {38556F4A-9250-439D-AE03-ADC2978A51E6}
		{DFE82C0B-0B77-4785-B194-4BA2D0C16ED6} = {38556F4A-9250-439D-AE03-ADC2978A51E6}
		{D5B5653F-C842-4117-96E7-7DCB97B842BB} = {38556F4A-9250-439D-AE03-ADC2978A51E6}
		{CFE7041A-1EBB-4D5E-9425-AFDBA21FC457} = {38556F4A-9250-439D-AE03-ADC2978A51E6}
		{38BE63D0-9874-4E9A-85CE-62F7E3047E2C} = {38556F4A-9250-439D-AE03-ADC2978A51E6}
		{30D80FF1-7C02-4CFF-8549-8590CD6E033D} = {38556F4A-9250-439D-AE03-ADC2978A51E6}
		{A5723E6D-27F8-40E9-8D64-9D271FD1BE3A} = {38556F4A-9250-439D-AE03-ADC2978A51E6}
		{292B1C4A-8163-4E01-8FB3-E1E86181136A} = {38556F4A-9250-439D-AE03-ADC2978A51E6}
		{80F2E152-2F10-4B65-B49D-2EF5FDA61D23} = {38556F4A-9250-439D-AE03-ADC2978A51E6}
		{16DF352F-7076-45B1-85A0-60BDB6987817} = {DB28BC11-CE07-4070-906F-3F84C9618091}
		{BB535FEC-60EE-452F-83B9-5B6676E3AE40} = {DB28BC11-CE07-4070-906F-3F84C9618091}
		{EB1B618B-E011-4144-AF48-66FD19D07467} = {BB535FEC-60EE-452F-83B9-5B6676E3AE40}
		{B666E729-0444-438E-80B1-D91BCF406BE8} = {BB535FEC-60EE-452F-83B9-5B6676E3AE40}
		{9F49E1AD-901F-4104-B901-23F33C5EF30B} = {BB535FEC-60EE-452F-83B9-5B6676E3AE40}
		{7A4C30DB-F0D5-4909-8B89-358382BB85F5} = {BB535FEC-60EE-452F-83B9-5B6676E3AE40}
		{A0863F96-C54E-4F13-97AE-8C0BF925C598} = {BA0E69AD-CBDB-46A0-9B68-BBEA679EB27B}
		{6A00C02E-805B-48E3-ADCD-BCCDE3EF2C66} = {E3086E17-D461-42B1-89F3-A08054B72DB5}
		{44B71F93-7E62-45FB-8FBE-F960896FE9F6} = {6A00C02E-805B-48E3-ADCD-BCCDE3EF2C66}
		{E8600F98-A56E-49C5-BB3F-200530400FAD} = {6A00C02E-805B-48E3-ADCD-BCCDE3EF2C66}
		{BC0ACFB8-9749-4FE6-9886-BDB9582537C9} = {6A00C02E-805B-48E3-ADCD-BCCDE3EF2C66}
		{1D9798B2-FADA-4B1A-9532-35A883C963E2} = {BB535FEC-60EE-452F-83B9-5B6676E3AE40}
		{5837F79B-AF77-4315-84BC-C802A83D160E} = {1D9798B2-FADA-4B1A-9532-35A883C963E2}
		{D2326988-55A3-4C12-932A-6317A54B3E4D} = {1D9798B2-FADA-4B1A-9532-35A883C963E2}
		{18064A27-C500-47D1-9518-4D278492E747} = {1D9798B2-FADA-4B1A-9532-35A883C963E2}
		{BB51ECCF-35D0-4A2D-B223-B5B8D1D9DEB7} = {1D9798B2-FADA-4B1A-9532-35A883C963E2}
	EndGlobalSection
EndGlobal
